
Microsoft Visual Studio Solution File, Format Version 12.00
# Visual Studio Version 17
VisualStudioVersion = 17.14.36109.1
MinimumVisualStudioVersion = 10.0.40219.1
Project("{FAE04EC0-301F-11D3-BF4B-00C04F79EFBC}") = "HIVTreatment_PRN", "HIVTreatment_PRN\HIVTreatment_PRN.csproj", "{291BCF90-9553-4AD2-AB20-6C660DDB8D48}"
EndProject
Project("{FAE04EC0-301F-11D3-BF4B-00C04F79EFBC}") = "DAL", "DAL\DAL.csproj", "{2A928485-FE45-4C80-90B5-6FDF35AD58CC}"
EndProject
Project("{FAE04EC0-301F-11D3-BF4B-00C04F79EFBC}") = "BLL", "BLL\BLL.csproj", "{3FE0AFA7-4EEC-4C02-94C3-AB9118A894B5}"
EndProject
Global
	GlobalSection(SolutionConfigurationPlatforms) = preSolution
		Debug|Any CPU = Debug|Any CPU
		Release|Any CPU = Release|Any CPU
	EndGlobalSection
	GlobalSection(ProjectConfigurationPlatforms) = postSolution
		{291BCF90-9553-4AD2-AB20-6C660DDB8D48}.Debug|Any CPU.ActiveCfg = Debug|Any CPU
		{291BCF90-9553-4AD2-AB20-6C660DDB8D48}.Debug|Any CPU.Build.0 = Debug|Any CPU
		{291BCF90-9553-4AD2-AB20-6C660DDB8D48}.Release|Any CPU.ActiveCfg = Release|Any CPU
		{291BCF90-9553-4AD2-AB20-6C660DDB8D48}.Release|Any CPU.Build.0 = Release|Any CPU
		{2A928485-FE45-4C80-90B5-6FDF35AD58CC}.Debug|Any CPU.ActiveCfg = Debug|Any CPU
		{2A928485-FE45-4C80-90B5-6FDF35AD58CC}.Debug|Any CPU.Build.0 = Debug|Any CPU
		{2A928485-FE45-4C80-90B5-6FDF35AD58CC}.Release|Any CPU.ActiveCfg = Release|Any CPU
		{2A928485-FE45-4C80-90B5-6FDF35AD58CC}.Release|Any CPU.Build.0 = Release|Any CPU
		{3FE0AFA7-4EEC-4C02-94C3-AB9118A894B5}.Debug|Any CPU.ActiveCfg = Debug|Any CPU
		{3FE0AFA7-4EEC-4C02-94C3-AB9118A894B5}.Debug|Any CPU.Build.0 = Debug|Any CPU
		{3FE0AFA7-4EEC-4C02-94C3-AB9118A894B5}.Release|Any CPU.ActiveCfg = Release|Any CPU
		{3FE0AFA7-4EEC-4C02-94C3-AB9118A894B5}.Release|Any CPU.Build.0 = Release|Any CPU
	EndGlobalSection
	GlobalSection(SolutionProperties) = preSolution
		HideSolutionNode = FALSE
	EndGlobalSection
	GlobalSection(ExtensibilityGlobals) = postSolution
		SolutionGuid = {8C3FE24A-7012-43DE-B57C-0AF83321F119}
	EndGlobalSection
EndGlobal
